
Microsoft Visual Studio Solution File, Format Version 12.00
# Visual Studio Version 17
VisualStudioVersion = 17.4.33103.184
MinimumVisualStudioVersion = 10.0.40219.1
Project("{FAE04EC0-301F-11D3-BF4B-00C04F79EFBC}") = "GraphQL", "GraphQL\GraphQL.csproj", "{AE4A4E20-D27F-450A-92BA-FA6B7466F2AC}"
EndProject
Global
	GlobalSection(SolutionConfigurationPlatforms) = preSolution
		Debug|Any CPU = Debug|Any CPU
		Release|Any CPU = Release|Any CPU
	EndGlobalSection
	GlobalSection(ProjectConfigurationPlatforms) = postSolution
		{AE4A4E20-D27F-450A-92BA-FA6B7466F2AC}.Debug|Any CPU.ActiveCfg = Debug|Any CPU
		{AE4A4E20-D27F-450A-92BA-FA6B7466F2AC}.Debug|Any CPU.Build.0 = Debug|Any CPU
		{AE4A4E20-D27F-450A-92BA-FA6B7466F2AC}.Release|Any CPU.ActiveCfg = Release|Any CPU
		{AE4A4E20-D27F-450A-92BA-FA6B7466F2AC}.Release|Any CPU.Build.0 = Release|Any CPU
	EndGlobalSection
	GlobalSection(SolutionProperties) = preSolution
		HideSolutionNode = FALSE
	EndGlobalSection
	GlobalSection(ExtensibilityGlobals) = postSolution
		SolutionGuid = {5C2018EF-8900-4183-A7F9-98660881B26F}
	EndGlobalSection
EndGlobal
